Microsoft Visual Studio Solution File, Format Version 12.00
# Visual Studio Version 17
VisualStudioVersion = 17.5.2.0
MinimumVisualStudioVersion = 10.0.40219.1
Project("{2150E333-8FDC-42A3-9474-1A3956D46DE8}") = "DEBER 2", "DEBER 2", "{D1107612-8A22-A049-57F5-B04ECF436646}"
EndProject
Project("{FAE04EC0-301F-11D3-BF4B-00C04F79EFBC}") = "ClienteCRUD", "DEBER 2\ClienteCRUD.csproj", "{A755B0B3-9F4B-A1DF-C9AA-F6136FCEB2E7}"
EndProject
Global
	GlobalSection(SolutionConfigurationPlatforms) = preSolution
		Debug|Any CPU = Debug|Any CPU
		Release|Any CPU = Release|Any CPU
	EndGlobalSection
	GlobalSection(ProjectConfigurationPlatforms) = postSolution
		{A755B0B3-9F4B-A1DF-C9AA-F6136FCEB2E7}.Debug|Any CPU.ActiveCfg = Debug|Any CPU
		{A755B0B3-9F4B-A1DF-C9AA-F6136FCEB2E7}.Debug|Any CPU.Build.0 = Debug|Any CPU
		{A755B0B3-9F4B-A1DF-C9AA-F6136FCEB2E7}.Release|Any CPU.ActiveCfg = Release|Any CPU
		{A755B0B3-9F4B-A1DF-C9AA-F6136FCEB2E7}.Release|Any CPU.Build.0 = Release|Any CPU
	EndGlobalSection
	GlobalSection(SolutionProperties) = preSolution
		HideSolutionNode = FALSE
	EndGlobalSection
	GlobalSection(NestedProjects) = preSolution
		{A755B0B3-9F4B-A1DF-C9AA-F6136FCEB2E7} = {D1107612-8A22-A049-57F5-B04ECF436646}
	EndGlobalSection
	GlobalSection(ExtensibilityGlobals) = postSolution
		SolutionGuid = {413853D2-5F61-4148-9BD3-D405CB7AE15D}
	EndGlobalSection
EndGlobal
